
Microsoft Visual Studio Solution File, Format Version 12.00
# Visual Studio Version 16
VisualStudioVersion = 16.0.31402.337
MinimumVisualStudioVersion = 10.0.40219.1
Project("{FAE04EC0-301F-11D3-BF4B-00C04F79EFBC}") = "ASP.NET Core Application 1", "ASP.NET Core Application 1\ASP.NET Core Application 1.csproj", "{26EF5722-AF12-4DE8-9C3B-D67071ADCAA7}"
EndProject
Global
	GlobalSection(SolutionConfigurationPlatforms) = preSolution
		Debug|Any CPU = Debug|Any CPU
		Release|Any CPU = Release|Any CPU
	EndGlobalSection
	GlobalSection(ProjectConfigurationPlatforms) = postSolution
		{26EF5722-AF12-4DE8-9C3B-D67071ADCAA7}.Debug|Any CPU.ActiveCfg = Debug|Any CPU
		{26EF5722-AF12-4DE8-9C3B-D67071ADCAA7}.Debug|Any CPU.Build.0 = Debug|Any CPU
		{26EF5722-AF12-4DE8-9C3B-D67071ADCAA7}.Release|Any CPU.ActiveCfg = Release|Any CPU
		{26EF5722-AF12-4DE8-9C3B-D67071ADCAA7}.Release|Any CPU.Build.0 = Release|Any CPU
	EndGlobalSection
	GlobalSection(SolutionProperties) = preSolution
		HideSolutionNode = FALSE
	EndGlobalSection
	GlobalSection(ExtensibilityGlobals) = postSolution
		SolutionGuid = {832B8866-7B41-4749-90C9-170B202C549A}
	EndGlobalSection
EndGlobal
